// !$*UTF8*$!
{
	archiveVersion = 1;
	classes = {
	};
	objectVersion = 55;
	objects = {

/* Begin PBXBuildFile section */
		3102AA1527A8F6D9001C1947 /* AppDelegate.swift in Sources */ = {isa = PBXBuildFile; fileRef = 3102AA1427A8F6D9001C1947 /* AppDelegate.swift */; };
		3102AA1727A8F6D9001C1947 /* SceneDelegate.swift in Sources */ = {isa = PBXBuildFile; fileRef = 3102AA1627A8F6D9001C1947 /* SceneDelegate.swift */; };
		3102AA1927A8F6D9001C1947 /* ViewController.swift in Sources */ = {isa = PBXBuildFile; fileRef = 3102AA1827A8F6D9001C1947 /* ViewController.swift */; };
		3102AA1C27A8F6D9001C1947 /* Main.storyboard in Resources */ = {isa = PBXBuildFile; fileRef = 3102AA1A27A8F6D9001C1947 /* Main.storyboard */; };
		3102AA1F27A8F6D9001C1947 /* IOSChatApp.xcdatamodeld in Sources */ = {isa = PBXBuildFile; fileRef = 3102AA1D27A8F6D9001C1947 /* IOSChatApp.xcdatamodeld */; };
		3102AA2127A8F6DC001C1947 /* Assets.xcassets in Resources */ = {isa = PBXBuildFile; fileRef = 3102AA2027A8F6DC001C1947 /* Assets.xcassets */; };
		3102AA2427A8F6DC001C1947 /* LaunchScreen.storyboard in Resources */ = {isa = PBXBuildFile; fileRef = 3102AA2227A8F6DC001C1947 /* LaunchScreen.storyboard */; };
/* End PBXBuildFile section */

/* Begin PBXFileReference section */
		3102AA1127A8F6D9001C1947 /* IOSChatApp.app */ = {isa = PBXFileReference; explicitFileType = wrapper.application; includeInIndex = 0; path = IOSChatApp.app; sourceTree = BUILT_PRODUCTS_DIR; };
		3102AA1427A8F6D9001C1947 /* AppDelegate.swift */ = {isa = PBXFileReference; lastKnownFileType = sourcecode.swift; path = AppDelegate.swift; sourceTree = "<group>"; };
		3102AA1627A8F6D9001C1947 /* SceneDelegate.swift */ = {isa = PBXFileReference; lastKnownFileType = sourcecode.swift; path = SceneDelegate.swift; sourceTree = "<group>"; };
		3102AA1827A8F6D9001C1947 /* ViewController.swift */ = {isa = PBXFileReference; lastKnownFileType = sourcecode.swift; path = ViewController.swift; sourceTree = "<group>"; };
		3102AA1B27A8F6D9001C1947 /* Base */ = {isa = PBXFileReference; lastKnownFileType = file.storyboard; name = Base; path = Base.lproj/Main.storyboard; sourceTree = "<group>"; };
		3102AA1E27A8F6D9001C1947 /* IOSChatApp.xcdatamodel */ = {isa = PBXFileReference; lastKnownFileType = wrapper.xcdatamodel; path = IOSChatApp.xcdatamodel; sourceTree = "<group>"; };
		3102AA2027A8F6DC001C1947 /* Assets.xcassets */ = {isa = PBXFileReference; lastKnownFileType = folder.assetcatalog; path = Assets.xcassets; sourceTree = "<group>"; };
		3102AA2327A8F6DC001C1947 /* Base */ = {isa = PBXFileReference; lastKnownFileType = file.storyboard; name = Base; path = Base.lproj/LaunchScreen.storyboard; sourceTree = "<group>"; };
		3102AA2527A8F6DC001C1947 /* Info.plist */ = {isa = PBXFileReference; lastKnownFileType = text.plist.xml; path = Info.plist; sourceTree = "<group>"; };
/* End PBXFileReference section */

/* Begin PBXFrameworksBuildPhase section */
		3102AA0E27A8F6D9001C1947 /* Frameworks */ = {
			isa = PBXFrameworksBuildPhase;
			buildActionMask = 2147483647;
			files = (
			);
			runOnlyForDeploymentPostprocessing = 0;
		};
/* End PBXFrameworksBuildPhase section */

/* Begin PBXGroup section */
		3102AA0827A8F6D9001C1947 = {
			isa = PBXGroup;
			children = (
				3102AA1327A8F6D9001C1947 /* IOSChatApp */,
				3102AA1227A8F6D9001C1947 /* Products */,
			);
			sourceTree = "<group>";
		};
		3102AA1227A8F6D9001C1947 /* Products */ = {
			isa = PBXGroup;
			children = (
				3102AA1127A8F6D9001C1947 /* IOSChatApp.app */,
			);
			name = Products;
			sourceTree = "<group>";
		};
		3102AA1327A8F6D9001C1947 /* IOSChatApp */ = {
			isa = PBXGroup;
			children = (
				3102AA2E27A8F731001C1947 /* Resources */,
				3102AA2D27A8F72D001C1947 /* views */,
				3102AA2C27A8F728001C1947 /* Models */,
				3102AA2B27A8F71D001C1947 /* Controllers */,
				3102AA2527A8F6DC001C1947 /* Info.plist */,
				3102AA1D27A8F6D9001C1947 /* IOSChatApp.xcdatamodeld */,
			);
			path = IOSChatApp;
			sourceTree = "<group>";
		};
		3102AA2B27A8F71D001C1947 /* Controllers */ = {
			isa = PBXGroup;
			children = (
				3102AA1827A8F6D9001C1947 /* ViewController.swift */,
			);
			path = Controllers;
			sourceTree = "<group>";
		};
		3102AA2C27A8F728001C1947 /* Models */ = {
			isa = PBXGroup;
			children = (
			);
			path = Models;
			sourceTree = "<group>";
		};
		3102AA2D27A8F72D001C1947 /* views */ = {
			isa = PBXGroup;
			children = (
				3102AA2F27A8F75A001C1947 /* StoryBoard */,
			);
			path = views;
			sourceTree = "<group>";
		};
		3102AA2E27A8F731001C1947 /* Resources */ = {
			isa = PBXGroup;
			children = (
				3102AA3027A8F76D001C1947 /* LifeCycle */,
				3102AA2027A8F6DC001C1947 /* Assets.xcassets */,
			);
			path = Resources;
			sourceTree = "<group>";
		};
		3102AA2F27A8F75A001C1947 /* StoryBoard */ = {
			isa = PBXGroup;
			children = (
				3102AA1A27A8F6D9001C1947 /* Main.storyboard */,
				3102AA2227A8F6DC001C1947 /* LaunchScreen.storyboard */,
			);
			path = StoryBoard;
			sourceTree = "<group>";
		};
		3102AA3027A8F76D001C1947 /* LifeCycle */ = {
			isa = PBXGroup;
			children = (
				3102AA1427A8F6D9001C1947 /* AppDelegate.swift */,
				3102AA1627A8F6D9001C1947 /* SceneDelegate.swift */,
			);
			path = LifeCycle;
			sourceTree = "<group>";
		};
/* End PBXGroup section */

/* Begin PBXNativeTarget section */
		3102AA1027A8F6D9001C1947 /* IOSChatApp */ = {
			isa = PBXNativeTarget;
			buildConfigurationList = 3102AA2827A8F6DC001C1947 /* Build configuration list for PBXNativeTarget "IOSChatApp" */;
			buildPhases = (
				3102AA0D27A8F6D9001C1947 /* Sources */,
				3102AA0E27A8F6D9001C1947 /* Frameworks */,
				3102AA0F27A8F6D9001C1947 /* Resources */,
			);
			buildRules = (
			);
			dependencies = (
			);
			name = IOSChatApp;
			productName = IOSChatApp;
			productReference = 3102AA1127A8F6D9001C1947 /* IOSChatApp.app */;
			productType = "com.apple.product-type.application";
		};
/* End PBXNativeTarget section */

/* Begin PBXProject section */
		3102AA0927A8F6D9001C1947 /* Project object */ = {
			isa = PBXProject;
			attributes = {
				BuildIndependentTargetsInParallel = 1;
				LastSwiftUpdateCheck = 1320;
				LastUpgradeCheck = 1320;
				TargetAttributes = {
					3102AA1027A8F6D9001C1947 = {
						CreatedOnToolsVersion = 13.2;
					};
				};
			};
			buildConfigurationList = 3102AA0C27A8F6D9001C1947 /* Build configuration list for PBXProject "IOSChatApp" */;
			compatibilityVersion = "Xcode 13.0";
			developmentRegion = en;
			hasScannedForEncodings = 0;
			knownRegions = (
				en,
				Base,
			);
			mainGroup = 3102AA0827A8F6D9001C1947;
			productRefGroup = 3102AA1227A8F6D9001C1947 /* Products */;
			projectDirPath = "";
			projectRoot = "";
			targets = (
				3102AA1027A8F6D9001C1947 /* IOSChatApp */,
			);
		};
/* End PBXProject section */

/* Begin PBXResourcesBuildPhase section */
		3102AA0F27A8F6D9001C1947 /* Resources */ = {
			isa = PBXResourcesBuildPhase;
			buildActionMask = 2147483647;
			files = (
				3102AA2427A8F6DC001C1947 /* LaunchScreen.storyboard in Resources */,
				3102AA2127A8F6DC001C1947 /* Assets.xcassets in Resources */,
				3102AA1C27A8F6D9001C1947 /* Main.storyboard in Resources */,
			);
			runOnlyForDeploymentPostprocessing = 0;
		};
/* End PBXResourcesBuildPhase section */

/* Begin PBXSourcesBuildPhase section */
		3102AA0D27A8F6D9001C1947 /* Sources */ = {
			isa = PBXSourcesBuildPhase;
			buildActionMask = 2147483647;
			files = (
				3102AA1927A8F6D9001C1947 /* ViewController.swift in Sources */,
				3102AA1527A8F6D9001C1947 /* AppDelegate.swift in Sources */,
				3102AA1727A8F6D9001C1947 /* SceneDelegate.swift in Sources */,
				3102AA1F27A8F6D9001C1947 /* IOSChatApp.xcdatamodeld in Sources */,
			);
			runOnlyForDeploymentPostprocessing = 0;
		};
/* End PBXSourcesBuildPhase section */

/* Begin PBXVariantGroup section */
		3102AA1A27A8F6D9001C1947 /* Main.storyboard */ = {
			isa = PBXVariantGroup;
			children = (
				3102AA1B27A8F6D9001C1947 /* Base */,
			);
			name = Main.storyboard;
			sourceTree = "<group>";
		};
		3102AA2227A8F6DC001C1947 /* LaunchScreen.storyboard */ = {
			isa = PBXVariantGroup;
			children = (
				3102AA2327A8F6DC001C1947 /* Base */,
			);
			name = LaunchScreen.storyboard;
			sourceTree = "<group>";
		};
/* End PBXVariantGroup section */

/* Begin XCBuildConfiguration section */
		3102AA2627A8F6DC001C1947 /* Debug */ = {
			isa = XCBuildConfiguration;
			buildSettings = {
				ALWAYS_SEARCH_USER_PATHS = NO;
				CLANG_ANALYZER_NONNULL = YES;
				CLANG_ANALYZER_NUMBER_OBJECT_CONVERSION = YES_AGGRESSIVE;
				CLANG_CXX_LANGUAGE_STANDARD = "gnu++17";
				CLANG_CXX_LIBRARY = "libc++";
				CLANG_ENABLE_MODULES = YES;
				CLANG_ENABLE_OBJC_ARC = YES;
				CLANG_ENABLE_OBJC_WEAK = YES;
				CLANG_WARN_BLOCK_CAPTURE_AUTORELEASING = YES;
				CLANG_WARN_BOOL_CONVERSION = YES;
				CLANG_WARN_COMMA = YES;
				CLANG_WARN_CONSTANT_CONVERSION = YES;
				CLANG_WARN_DEPRECATED_OBJC_IMPLEMENTATIONS = YES;
				CLANG_WARN_DIRECT_OBJC_ISA_USAGE = YES_ERROR;
				CLANG_WARN_DOCUMENTATION_COMMENTS = YES;
				CLANG_WARN_EMPTY_BODY = YES;
				CLANG_WARN_ENUM_CONVERSION = YES;
				CLANG_WARN_INFINITE_RECURSION = YES;
				CLANG_WARN_INT_CONVERSION = YES;
				CLANG_WARN_NON_LITERAL_NULL_CONVERSION = YES;
				CLANG_WARN_OBJC_IMPLICIT_RETAIN_SELF = YES;
				CLANG_WARN_OBJC_LITERAL_CONVERSION = YES;
				CLANG_WARN_OBJC_ROOT_CLASS = YES_ERROR;
				CLANG_WARN_QUOTED_INCLUDE_IN_FRAMEWORK_HEADER = YES;
				CLANG_WARN_RANGE_LOOP_ANALYSIS = YES;
				CLANG_WARN_STRICT_PROTOTYPES = YES;
				CLANG_WARN_SUSPICIOUS_MOVE = YES;
				CLANG_WARN_UNGUARDED_AVAILABILITY = YES_AGGRESSIVE;
				CLANG_WARN_UNREACHABLE_CODE = YES;
				CLANG_WARN__DUPLICATE_METHOD_MATCH = YES;
				COPY_PHASE_STRIP = NO;
				DEBUG_INFORMATION_FORMAT = dwarf;
				ENABLE_STRICT_OBJC_MSGSEND = YES;
				ENABLE_TESTABILITY = YES;
				GCC_C_LANGUAGE_STANDARD = gnu11;
				GCC_DYNAMIC_NO_PIC = NO;
				GCC_NO_COMMON_BLOCKS = YES;
				GCC_OPTIMIZATION_LEVEL = 0;
				GCC_PREPROCESSOR_DEFINITIONS = (
					"DEBUG=1",
					"$(inherited)",
				);
				GCC_WARN_64_TO_32_BIT_CONVERSION = YES;
				GCC_WARN_ABOUT_RETURN_TYPE = YES_ERROR;
				GCC_WARN_UNDECLARED_SELECTOR = YES;
				GCC_WARN_UNINITIALIZED_AUTOS = YES_AGGRESSIVE;
				GCC_WARN_UNUSED_FUNCTION = YES;
				GCC_WARN_UNUSED_VARIABLE = YES;
				IPHONEOS_DEPLOYMENT_TARGET = 15.2;
				MTL_ENABLE_DEBUG_INFO = INCLUDE_SOURCE;
				MTL_FAST_MATH = YES;
				ONLY_ACTIVE_ARCH = YES;
				SDKROOT = iphoneos;
				SWIFT_ACTIVE_COMPILATION_CONDITIONS = DEBUG;
				SWIFT_OPTIMIZATION_LEVEL = "-Onone";
			};
			name = Debug;
		};
		3102AA2727A8F6DC001C1947 /* Release */ = {
			isa = XCBuildConfiguration;
			buildSettings = {
				ALWAYS_SEARCH_USER_PATHS = NO;
				CLANG_ANALYZER_NONNULL = YES;
				CLANG_ANALYZER_NUMBER_OBJECT_CONVERSION = YES_AGGRESSIVE;
				CLANG_CXX_LANGUAGE_STANDARD = "gnu++17";
				CLANG_CXX_LIBRARY = "libc++";
				CLANG_ENABLE_MODULES = YES;
				CLANG_ENABLE_OBJC_ARC = YES;
				CLANG_ENABLE_OBJC_WEAK = YES;
				CLANG_WARN_BLOCK_CAPTURE_AUTORELEASING = YES;
				CLANG_WARN_BOOL_CONVERSION = YES;
				CLANG_WARN_COMMA = YES;
				CLANG_WARN_CONSTANT_CONVERSION = YES;
				CLANG_WARN_DEPRECATED_OBJC_IMPLEMENTATIONS = YES;
				CLANG_WARN_DIRECT_OBJC_ISA_USAGE = YES_ERROR;
				CLANG_WARN_DOCUMENTATION_COMMENTS = YES;
				CLANG_WARN_EMPTY_BODY = YES;
				CLANG_WARN_ENUM_CONVERSION = YES;
				CLANG_WARN_INFINITE_RECURSION = YES;
				CLANG_WARN_INT_CONVERSION = YES;
				CLANG_WARN_NON_LITERAL_NULL_CONVERSION = YES;
				CLANG_WARN_OBJC_IMPLICIT_RETAIN_SELF = YES;
				CLANG_WARN_OBJC_LITERAL_CONVERSION = YES;
				CLANG_WARN_OBJC_ROOT_CLASS = YES_ERROR;
				CLANG_WARN_QUOTED_INCLUDE_IN_FRAMEWORK_HEADER = YES;
				CLANG_WARN_RANGE_LOOP_ANALYSIS = YES;
				CLANG_WARN_STRICT_PROTOTYPES = YES;
				CLANG_WARN_SUSPICIOUS_MOVE = YES;
				CLANG_WARN_UNGUARDED_AVAILABILITY = YES_AGGRESSIVE;
				CLANG_WARN_UNREACHABLE_CODE = YES;
				CLANG_WARN__DUPLICATE_METHOD_MATCH = YES;
				COPY_PHASE_STRIP = NO;
				DEBUG_INFORMATION_FORMAT = "dwarf-with-dsym";
				ENABLE_NS_ASSERTIONS = NO;
				ENABLE_STRICT_OBJC_MSGSEND = YES;
				GCC_C_LANGUAGE_STANDARD = gnu11;
				GCC_NO_COMMON_BLOCKS = YES;
				GCC_WARN_64_TO_32_BIT_CONVERSION = YES;
				GCC_WARN_ABOUT_RETURN_TYPE = YES_ERROR;
				GCC_WARN_UNDECLARED_SELECTOR = YES;
				GCC_WARN_UNINITIALIZED_AUTOS = YES_AGGRESSIVE;
				GCC_WARN_UNUSED_FUNCTION = YES;
				GCC_WARN_UNUSED_VARIABLE = YES;
				IPHONEOS_DEPLOYMENT_TARGET = 15.2;
				MTL_ENABLE_DEBUG_INFO = NO;
				MTL_FAST_MATH = YES;
				SDKROOT = iphoneos;
				SWIFT_COMPILATION_MODE = wholemodule;
				SWIFT_OPTIMIZATION_LEVEL = "-O";
				VALIDATE_PRODUCT = YES;
			};
			name = Release;
		};
		3102AA2927A8F6DC001C1947 /* Debug */ = {
			isa = XCBuildConfiguration;
			buildSettings = {
				ASSETCATALOG_COMPILER_APPICON_NAME = AppIcon;
				ASSETCATALOG_COMPILER_GLOBAL_ACCENT_COLOR_NAME = AccentColor;
				CODE_SIGN_STYLE = Automatic;
				CURRENT_PROJECT_VERSION = 1;
				DEVELOPMENT_TEAM = 3EGXVN72T4;
				GENERATE_INFOPLIST_FILE = YES;
				INFOPLIST_FILE = IOSChatApp/Info.plist;
				INFOPLIST_KEY_UIApplicationSupportsIndirectInputEvents = YES;
				INFOPLIST_KEY_UILaunchStoryboardName = LaunchScreen;
				INFOPLIST_KEY_UIMainStoryboardFile = Main;
				INFOPLIST_KEY_UISupportedInterfaceOrientations_iPad = "UIInterfaceOrientationPortrait UIInterfaceOrientationPortraitUpsideDown UIInterfaceOrientationLandscapeLeft UIInterfaceOrientationLandscapeRight";
				INFOPLIST_KEY_UISupportedInterfaceOrientations_iPhone = "UIInterfaceOrientationPortrait UIInterfaceOrientationLandscapeLeft UIInterfaceOrientationLandscapeRight";
				LD_RUNPATH_SEARCH_PATHS = (
					"$(inherited)",
					"@executable_path/Frameworks",
				);
				MARKETING_VERSION = 1.0;
				PRODUCT_BUNDLE_IDENTIFIER = com.iphtechnologies.IOSChatApp;
				PRODUCT_NAME = "$(TARGET_NAME)";
				SWIFT_EMIT_LOC_STRINGS = YES;
				SWIFT_VERSION = 5.0;
				TARGETED_DEVICE_FAMILY = "1,2";
			};
			name = Debug;
		};
		3102AA2A27A8F6DC001C1947 /* Release */ = {
			isa = XCBuildConfiguration;
			buildSettings = {
				ASSETCATALOG_COMPILER_APPICON_NAME = AppIcon;
				ASSETCATALOG_COMPILER_GLOBAL_ACCENT_COLOR_NAME = AccentColor;
				CODE_SIGN_STYLE = Automatic;
				CURRENT_PROJECT_VERSION = 1;
				DEVELOPMENT_TEAM = 3EGXVN72T4;
				GENERATE_INFOPLIST_FILE = YES;
				INFOPLIST_FILE = IOSChatApp/Info.plist;
				INFOPLIST_KEY_UIApplicationSupportsIndirectInputEvents = YES;
				INFOPLIST_KEY_UILaunchStoryboardName = LaunchScreen;
				INFOPLIST_KEY_UIMainStoryboardFile = Main;
				INFOPLIST_KEY_UISupportedInterfaceOrientations_iPad = "UIInterfaceOrientationPortrait UIInterfaceOrientationPortraitUpsideDown UIInterfaceOrientationLandscapeLeft UIInterfaceOrientationLandscapeRight";
				INFOPLIST_KEY_UISupportedInterfaceOrientations_iPhone = "UIInterfaceOrientationPortrait UIInterfaceOrientationLandscapeLeft UIInterfaceOrientationLandscapeRight";
				LD_RUNPATH_SEARCH_PATHS = (
					"$(inherited)",
					"@executable_path/Frameworks",
				);
				MARKETING_VERSION = 1.0;
				PRODUCT_BUNDLE_IDENTIFIER = com.iphtechnologies.IOSChatApp;
				PRODUCT_NAME = "$(TARGET_NAME)";
				SWIFT_EMIT_LOC_STRINGS = YES;
				SWIFT_VERSION = 5.0;
				TARGETED_DEVICE_FAMILY = "1,2";
			};
			name = Release;
		};
/* End XCBuildConfiguration section */

/* Begin XCConfigurationList section */
		3102AA0C27A8F6D9001C1947 /* Build configuration list for PBXProject "IOSChatApp" */ = {
			isa = XCConfigurationList;
			buildConfigurations = (
				3102AA2627A8F6DC001C1947 /* Debug */,
				3102AA2727A8F6DC001C1947 /* Release */,
			);
			defaultConfigurationIsVisible = 0;
			defaultConfigurationName = Release;
		};
		3102AA2827A8F6DC001C1947 /* Build configuration list for PBXNativeTarget "IOSChatApp" */ = {
			isa = XCConfigurationList;
			buildConfigurations = (
				3102AA2927A8F6DC001C1947 /* Debug */,
				3102AA2A27A8F6DC001C1947 /* Release */,
			);
			defaultConfigurationIsVisible = 0;
			defaultConfigurationName = Release;
		};
/* End XCConfigurationList section */

/* Begin XCVersionGroup section */
		3102AA1D27A8F6D9001C1947 /* IOSChatApp.xcdatamodeld */ = {
			isa = XCVersionGroup;
			children = (
				3102AA1E27A8F6D9001C1947 /* IOSChatApp.xcdatamodel */,
			);
			currentVersion = 3102AA1E27A8F6D9001C1947 /* IOSChatApp.xcdatamodel */;
			path = IOSChatApp.xcdatamodeld;
			sourceTree = "<group>";
			versionGroupType = wrapper.xcdatamodel;
		};
/* End XCVersionGroup section */
	};
	rootObject = 3102AA0927A8F6D9001C1947 /* Project object */;
}
